Microsoft Visual Studio Solution File, Format Version 12.00
# Visual Studio 2012
Project("{FAE04EC0-301F-11D3-BF4B-00C04F79EFBC}") = "Addon - godotegp-framework-csharp", "src\Addon - godotegp-framework-csharp.csproj", "{42F4BAA8-3526-4940-BB4A-D85CD1D5FCE2}"
EndProject
Project("{FAE04EC0-301F-11D3-BF4B-00C04F79EFBC}") = "GodotEGP.Test", "tests\GodotEGP.Test.csproj", "{E381F0B3-F517-4DFB-A329-EDFB9A8DB938}"
EndProject
Project("{2150E333-8FDC-42A3-9474-1A3956D46DE8}") = "profiling", "profiling", "{FF6201E6-F6F1-418F-9D14-01212E323C68}"
EndProject
Project("{FAE04EC0-301F-11D3-BF4B-00C04F79EFBC}") = "GodotEGP.Profiling.Console", "profiling\cli\GodotEGP.Profiling.Console.csproj", "{73EF2CA8-1D6D-4F81-AE1B-01CA05BEFCC5}"
EndProject
Global
	GlobalSection(SolutionConfigurationPlatforms) = preSolution
		Debug|Any CPU = Debug|Any CPU
		ExportDebug|Any CPU = ExportDebug|Any CPU
		ExportRelease|Any CPU = ExportRelease|Any CPU
	EndGlobalSection
	GlobalSection(ProjectConfigurationPlatforms) = postSolution
		{9C370107-C53E-43A4-8E24-6E5E0DA4C4D6}.Debug|Any CPU.ActiveCfg = Debug|Any CPU
		{9C370107-C53E-43A4-8E24-6E5E0DA4C4D6}.Debug|Any CPU.Build.0 = Debug|Any CPU
		{9C370107-C53E-43A4-8E24-6E5E0DA4C4D6}.ExportDebug|Any CPU.ActiveCfg = ExportDebug|Any CPU
		{9C370107-C53E-43A4-8E24-6E5E0DA4C4D6}.ExportDebug|Any CPU.Build.0 = ExportDebug|Any CPU
		{9C370107-C53E-43A4-8E24-6E5E0DA4C4D6}.ExportRelease|Any CPU.ActiveCfg = ExportRelease|Any CPU
		{9C370107-C53E-43A4-8E24-6E5E0DA4C4D6}.ExportRelease|Any CPU.Build.0 = ExportRelease|Any CPU
		{42F4BAA8-3526-4940-BB4A-D85CD1D5FCE2}.Debug|Any CPU.ActiveCfg = Debug|Any CPU
		{42F4BAA8-3526-4940-BB4A-D85CD1D5FCE2}.Debug|Any CPU.Build.0 = Debug|Any CPU
		{42F4BAA8-3526-4940-BB4A-D85CD1D5FCE2}.ExportDebug|Any CPU.ActiveCfg = ExportDebug|Any CPU
		{42F4BAA8-3526-4940-BB4A-D85CD1D5FCE2}.ExportDebug|Any CPU.Build.0 = ExportDebug|Any CPU
		{42F4BAA8-3526-4940-BB4A-D85CD1D5FCE2}.ExportRelease|Any CPU.ActiveCfg = ExportRelease|Any CPU
		{42F4BAA8-3526-4940-BB4A-D85CD1D5FCE2}.ExportRelease|Any CPU.Build.0 = ExportRelease|Any CPU
		{E381F0B3-F517-4DFB-A329-EDFB9A8DB938}.Debug|Any CPU.ActiveCfg = Debug|Any CPU
		{E381F0B3-F517-4DFB-A329-EDFB9A8DB938}.Debug|Any CPU.Build.0 = Debug|Any CPU
		{E381F0B3-F517-4DFB-A329-EDFB9A8DB938}.ExportDebug|Any CPU.ActiveCfg = Debug|Any CPU
		{E381F0B3-F517-4DFB-A329-EDFB9A8DB938}.ExportDebug|Any CPU.Build.0 = Debug|Any CPU
		{E381F0B3-F517-4DFB-A329-EDFB9A8DB938}.ExportRelease|Any CPU.ActiveCfg = Debug|Any CPU
		{E381F0B3-F517-4DFB-A329-EDFB9A8DB938}.ExportRelease|Any CPU.Build.0 = Debug|Any CPU
		{6DAD9D16-3BFD-4514-8580-99789EBDAA2D}.Debug|Any CPU.ActiveCfg = Debug|Any CPU
		{6DAD9D16-3BFD-4514-8580-99789EBDAA2D}.Debug|Any CPU.Build.0 = Debug|Any CPU
		{6DAD9D16-3BFD-4514-8580-99789EBDAA2D}.ExportDebug|Any CPU.ActiveCfg = Debug|Any CPU
		{6DAD9D16-3BFD-4514-8580-99789EBDAA2D}.ExportDebug|Any CPU.Build.0 = Debug|Any CPU
		{6DAD9D16-3BFD-4514-8580-99789EBDAA2D}.ExportRelease|Any CPU.ActiveCfg = Debug|Any CPU
		{6DAD9D16-3BFD-4514-8580-99789EBDAA2D}.ExportRelease|Any CPU.Build.0 = Debug|Any CPU
		{EBE71F65-78A3-4D25-A16D-D38E3F4DD956}.Debug|Any CPU.ActiveCfg = Debug|Any CPU
		{EBE71F65-78A3-4D25-A16D-D38E3F4DD956}.Debug|Any CPU.Build.0 = Debug|Any CPU
		{EBE71F65-78A3-4D25-A16D-D38E3F4DD956}.ExportDebug|Any CPU.ActiveCfg = Debug|Any CPU
		{EBE71F65-78A3-4D25-A16D-D38E3F4DD956}.ExportDebug|Any CPU.Build.0 = Debug|Any CPU
		{EBE71F65-78A3-4D25-A16D-D38E3F4DD956}.ExportRelease|Any CPU.ActiveCfg = Debug|Any CPU
		{EBE71F65-78A3-4D25-A16D-D38E3F4DD956}.ExportRelease|Any CPU.Build.0 = Debug|Any CPU
		{73EF2CA8-1D6D-4F81-AE1B-01CA05BEFCC5}.Debug|Any CPU.ActiveCfg = Debug|Any CPU
		{73EF2CA8-1D6D-4F81-AE1B-01CA05BEFCC5}.Debug|Any CPU.Build.0 = Debug|Any CPU
		{73EF2CA8-1D6D-4F81-AE1B-01CA05BEFCC5}.ExportDebug|Any CPU.ActiveCfg = Debug|Any CPU
		{73EF2CA8-1D6D-4F81-AE1B-01CA05BEFCC5}.ExportDebug|Any CPU.Build.0 = Debug|Any CPU
		{73EF2CA8-1D6D-4F81-AE1B-01CA05BEFCC5}.ExportRelease|Any CPU.ActiveCfg = Debug|Any CPU
		{73EF2CA8-1D6D-4F81-AE1B-01CA05BEFCC5}.ExportRelease|Any CPU.Build.0 = Debug|Any CPU
	EndGlobalSection
	GlobalSection(NestedProjects) = preSolution
		{73EF2CA8-1D6D-4F81-AE1B-01CA05BEFCC5} = {FF6201E6-F6F1-418F-9D14-01212E323C68}
	EndGlobalSection
EndGlobal
